
Microsoft Visual Studio Solution File, Format Version 12.00
# Visual Studio Version 17
VisualStudioVersion = 17.6.33815.320
MinimumVisualStudioVersion = 10.0.40219.1
Project("{9A19103F-16F7-4668-BE54-9A1E7A4F7556}") = "NWC_Water_Consumption_project", "NWC_Water_Consumption_project\NWC_Water_Consumption_project.csproj", "{4AC74E1A-7DDC-44EE-A3C7-681552A9F6DD}"
EndProject
Global
	GlobalSection(SolutionConfigurationPlatforms) = preSolution
		Debug|Any CPU = Debug|Any CPU
		Release|Any CPU = Release|Any CPU
	EndGlobalSection
	GlobalSection(ProjectConfigurationPlatforms) = postSolution
		{4AC74E1A-7DDC-44EE-A3C7-681552A9F6DD}.Debug|Any CPU.ActiveCfg = Debug|Any CPU
		{4AC74E1A-7DDC-44EE-A3C7-681552A9F6DD}.Debug|Any CPU.Build.0 = Debug|Any CPU
		{4AC74E1A-7DDC-44EE-A3C7-681552A9F6DD}.Release|Any CPU.ActiveCfg = Release|Any CPU
		{4AC74E1A-7DDC-44EE-A3C7-681552A9F6DD}.Release|Any CPU.Build.0 = Release|Any CPU
	EndGlobalSection
	GlobalSection(SolutionProperties) = preSolution
		HideSolutionNode = FALSE
	EndGlobalSection
	GlobalSection(ExtensibilityGlobals) = postSolution
		SolutionGuid = {6F1A813B-90FD-4946-84A4-1DDB3D8EFBD9}
	EndGlobalSection
EndGlobal
